
Microsoft Visual Studio Solution File, Format Version 12.00
# Visual Studio Version 17
VisualStudioVersion = 17.7.34031.279
MinimumVisualStudioVersion = 10.0.40219.1
Project("{FAE04EC0-301F-11D3-BF4B-00C04F79EFBC}") = "MuscleAndStrength_SCRAPING", "MuscleAndStrength_SCRAPING\MuscleAndStrength_SCRAPING.csproj", "{B7ED3986-8965-465D-88E6-4EB96685116F}"
EndProject
Global
	GlobalSection(SolutionConfigurationPlatforms) = preSolution
		Debug|Any CPU = Debug|Any CPU
		Release|Any CPU = Release|Any CPU
	EndGlobalSection
	GlobalSection(ProjectConfigurationPlatforms) = postSolution
		{B7ED3986-8965-465D-88E6-4EB96685116F}.Debug|Any CPU.ActiveCfg = Debug|Any CPU
		{B7ED3986-8965-465D-88E6-4EB96685116F}.Debug|Any CPU.Build.0 = Debug|Any CPU
		{B7ED3986-8965-465D-88E6-4EB96685116F}.Release|Any CPU.ActiveCfg = Release|Any CPU
		{B7ED3986-8965-465D-88E6-4EB96685116F}.Release|Any CPU.Build.0 = Release|Any CPU
	EndGlobalSection
	GlobalSection(SolutionProperties) = preSolution
		HideSolutionNode = FALSE
	EndGlobalSection
	GlobalSection(ExtensibilityGlobals) = postSolution
		SolutionGuid = {7479BDA7-EE4B-42B8-B8A3-8922C021D134}
	EndGlobalSection
EndGlobal
